
Microsoft Visual Studio Solution File, Format Version 11.00
# Visual Studio 2010
Project("{2150E333-8FDC-42A3-9474-1A3956D46DE8}") = ".nuget", ".nuget", "{C4985292-4EE6-4D16-88AF-F901BE5B591F}"
EndProject
Project("{FAE04EC0-301F-11D3-BF4B-00C04F79EFBC}") = "Net.SignalR.Console.Client", "Net.SignalR.Console.Client\Net.SignalR.Console.Client.csproj", "{6A738EDB-7225-435F-A2B9-15C9FE60BB58}"
EndProject
Project("{FAE04EC0-301F-11D3-BF4B-00C04F79EFBC}") = "Net.SignalR.WebApp.Client", "Net.SignalR.WebApp.Client\Net.SignalR.WebApp.Client.csproj", "{AE23F128-B9EB-4422-9A92-62E3D937434A}"
EndProject
Global
	GlobalSection(SolutionConfigurationPlatforms) = preSolution
		Debug|Any CPU = Debug|Any CPU
		Debug|Mixed Platforms = Debug|Mixed Platforms
		Debug|x86 = Debug|x86
		Release|Any CPU = Release|Any CPU
		Release|Mixed Platforms = Release|Mixed Platforms
		Release|x86 = Release|x86
	EndGlobalSection
	GlobalSection(ProjectConfigurationPlatforms) = postSolution
		{6A738EDB-7225-435F-A2B9-15C9FE60BB58}.Debug|Any CPU.ActiveCfg = Debug|x86
		{6A738EDB-7225-435F-A2B9-15C9FE60BB58}.Debug|Mixed Platforms.ActiveCfg = Debug|x86
		{6A738EDB-7225-435F-A2B9-15C9FE60BB58}.Debug|Mixed Platforms.Build.0 = Debug|x86
		{6A738EDB-7225-435F-A2B9-15C9FE60BB58}.Debug|x86.ActiveCfg = Debug|x86
		{6A738EDB-7225-435F-A2B9-15C9FE60BB58}.Debug|x86.Build.0 = Debug|x86
		{6A738EDB-7225-435F-A2B9-15C9FE60BB58}.Release|Any CPU.ActiveCfg = Release|x86
		{6A738EDB-7225-435F-A2B9-15C9FE60BB58}.Release|Mixed Platforms.ActiveCfg = Release|x86
		{6A738EDB-7225-435F-A2B9-15C9FE60BB58}.Release|Mixed Platforms.Build.0 = Release|x86
		{6A738EDB-7225-435F-A2B9-15C9FE60BB58}.Release|x86.ActiveCfg = Release|x86
		{6A738EDB-7225-435F-A2B9-15C9FE60BB58}.Release|x86.Build.0 = Release|x86
		{AE23F128-B9EB-4422-9A92-62E3D937434A}.Debug|Any CPU.ActiveCfg = Debug|Any CPU
		{AE23F128-B9EB-4422-9A92-62E3D937434A}.Debug|Any CPU.Build.0 = Debug|Any CPU
		{AE23F128-B9EB-4422-9A92-62E3D937434A}.Debug|Mixed Platforms.ActiveCfg = Debug|Any CPU
		{AE23F128-B9EB-4422-9A92-62E3D937434A}.Debug|Mixed Platforms.Build.0 = Debug|Any CPU
		{AE23F128-B9EB-4422-9A92-62E3D937434A}.Debug|x86.ActiveCfg = Debug|Any CPU
		{AE23F128-B9EB-4422-9A92-62E3D937434A}.Release|Any CPU.ActiveCfg = Release|Any CPU
		{AE23F128-B9EB-4422-9A92-62E3D937434A}.Release|Any CPU.Build.0 = Release|Any CPU
		{AE23F128-B9EB-4422-9A92-62E3D937434A}.Release|Mixed Platforms.ActiveCfg = Release|Any CPU
		{AE23F128-B9EB-4422-9A92-62E3D937434A}.Release|Mixed Platforms.Build.0 = Release|Any CPU
		{AE23F128-B9EB-4422-9A92-62E3D937434A}.Release|x86.ActiveCfg = Release|Any CPU
	EndGlobalSection
	GlobalSection(SolutionProperties) = preSolution
		HideSolutionNode = FALSE
	EndGlobalSection
EndGlobal
